// !$*UTF8*$!
{
	archiveVersion = 1;
	classes = {
	};
	objectVersion = 50;
	objects = {

/* Begin PBXBuildFile section */
		CE7D550A2653FA970062E054 /* OnboardingAssembler.swift in Sources */ = {isa = PBXBuildFile; fileRef = CE7D55092653FA970062E054 /* OnboardingAssembler.swift */; };
		CE7D552C265404390062E054 /* Router.swift in Sources */ = {isa = PBXBuildFile; fileRef = CE7D552B265404390062E054 /* Router.swift */; };
		CEBF75B22653F8D6001ACF2F /* SignInFlowCoordinator.swift in Sources */ = {isa = PBXBuildFile; fileRef = CEBF75B12653F8D6001ACF2F /* SignInFlowCoordinator.swift */; };
		CEBF75BB2653F91D001ACF2F /* OnboardingInteractor.swift in Sources */ = {isa = PBXBuildFile; fileRef = CEBF75BA2653F91D001ACF2F /* OnboardingInteractor.swift */; };
		CEF9B3D426527ECA0051BE8F /* AppDelegate.swift in Sources */ = {isa = PBXBuildFile; fileRef = CEF9B3D326527ECA0051BE8F /* AppDelegate.swift */; };
		CEF9B3D626527ECA0051BE8F /* SceneDelegate.swift in Sources */ = {isa = PBXBuildFile; fileRef = CEF9B3D526527ECA0051BE8F /* SceneDelegate.swift */; };
		CEF9B3D826527ECA0051BE8F /* OnboardingViewController.swift in Sources */ = {isa = PBXBuildFile; fileRef = CEF9B3D726527ECA0051BE8F /* OnboardingViewController.swift */; };
		CEF9B3EB26527ECB0051BE8F /* RoutersTests.swift in Sources */ = {isa = PBXBuildFile; fileRef = CEF9B3EA26527ECB0051BE8F /* RoutersTests.swift */; };
		CEF9B3F626527ECB0051BE8F /* RoutersUITests.swift in Sources */ = {isa = PBXBuildFile; fileRef = CEF9B3F526527ECB0051BE8F /* RoutersUITests.swift */; };
		CEF9B41426527F7D0051BE8F /* Coordinator.swift in Sources */ = {isa = PBXBuildFile; fileRef = CEF9B41326527F7D0051BE8F /* Coordinator.swift */; };
		CEF9B41926527FA90051BE8F /* FlowCoordinator.swift in Sources */ = {isa = PBXBuildFile; fileRef = CEF9B41826527FA90051BE8F /* FlowCoordinator.swift */; };
		CEF9B41E2652806C0051BE8F /* AppFlowCoordinator.swift in Sources */ = {isa = PBXBuildFile; fileRef = CEF9B41D2652806C0051BE8F /* AppFlowCoordinator.swift */; };
		CEF9B43F265282820051BE8F /* Application.swift in Sources */ = {isa = PBXBuildFile; fileRef = CEF9B43E265282820051BE8F /* Application.swift */; };
		CEF9B444265282970051BE8F /* SceneEventObserver.swift in Sources */ = {isa = PBXBuildFile; fileRef = CEF9B443265282970051BE8F /* SceneEventObserver.swift */; };
		CEF9B451265285770051BE8F /* Assets.xcassets in Resources */ = {isa = PBXBuildFile; fileRef = CEF9B3DC26527ECA0051BE8F /* Assets.xcassets */; };
		CEF9B452265285770051BE8F /* LaunchScreen.storyboard in Resources */ = {isa = PBXBuildFile; fileRef = CEF9B3DE26527ECA0051BE8F /* LaunchScreen.storyboard */; };
/* End PBXBuildFile section */

/* Begin PBXContainerItemProxy section */
		CEF9B3E726527ECB0051BE8F /* PBXContainerItemProxy */ = {
			isa = PBXContainerItemProxy;
			containerPortal = CEF9B3C826527ECA0051BE8F /* Project object */;
			proxyType = 1;
			remoteGlobalIDString = CEF9B3CF26527ECA0051BE8F;
			remoteInfo = Routers;
		};
		CEF9B3F226527ECB0051BE8F /* PBXContainerItemProxy */ = {
			isa = PBXContainerItemProxy;
			containerPortal = CEF9B3C826527ECA0051BE8F /* Project object */;
			proxyType = 1;
			remoteGlobalIDString = CEF9B3CF26527ECA0051BE8F;
			remoteInfo = Routers;
		};
/* End PBXContainerItemProxy section */

/* Begin PBXFileReference section */
		CE7D55092653FA970062E054 /* OnboardingAssembler.swift */ = {isa = PBXFileReference; lastKnownFileType = sourcecode.swift; path = OnboardingAssembler.swift; sourceTree = "<group>"; };
		CE7D552B265404390062E054 /* Router.swift */ = {isa = PBXFileReference; lastKnownFileType = sourcecode.swift; path = Router.swift; sourceTree = "<group>"; };
		CEBF75B12653F8D6001ACF2F /* SignInFlowCoordinator.swift */ = {isa = PBXFileReference; lastKnownFileType = sourcecode.swift; path = SignInFlowCoordinator.swift; sourceTree = "<group>"; };
		CEBF75BA2653F91D001ACF2F /* OnboardingInteractor.swift */ = {isa = PBXFileReference; lastKnownFileType = sourcecode.swift; path = OnboardingInteractor.swift; sourceTree = "<group>"; };
		CEF9B3D026527ECA0051BE8F /* Routers.app */ = {isa = PBXFileReference; explicitFileType = wrapper.application; includeInIndex = 0; path = Routers.app; sourceTree = BUILT_PRODUCTS_DIR; };
		CEF9B3D326527ECA0051BE8F /* AppDelegate.swift */ = {isa = PBXFileReference; lastKnownFileType = sourcecode.swift; path = AppDelegate.swift; sourceTree = "<group>"; };
		CEF9B3D526527ECA0051BE8F /* SceneDelegate.swift */ = {isa = PBXFileReference; lastKnownFileType = sourcecode.swift; path = SceneDelegate.swift; sourceTree = "<group>"; };
		CEF9B3D726527ECA0051BE8F /* OnboardingViewController.swift */ = {isa = PBXFileReference; lastKnownFileType = sourcecode.swift; path = OnboardingViewController.swift; sourceTree = "<group>"; };
		CEF9B3DC26527ECA0051BE8F /* Assets.xcassets */ = {isa = PBXFileReference; lastKnownFileType = folder.assetcatalog; path = Assets.xcassets; sourceTree = "<group>"; };
		CEF9B3DF26527ECA0051BE8F /* Base */ = {isa = PBXFileReference; lastKnownFileType = file.storyboard; name = Base; path = Base.lproj/LaunchScreen.storyboard; sourceTree = "<group>"; };
		CEF9B3E126527ECA0051BE8F /* Info.plist */ = {isa = PBXFileReference; lastKnownFileType = text.plist.xml; path = Info.plist; sourceTree = "<group>"; };
		CEF9B3E626527ECB0051BE8F /* RoutersTests.xctest */ = {isa = PBXFileReference; explicitFileType = wrapper.cfbundle; includeInIndex = 0; path = RoutersTests.xctest; sourceTree = BUILT_PRODUCTS_DIR; };
		CEF9B3EA26527ECB0051BE8F /* RoutersTests.swift */ = {isa = PBXFileReference; lastKnownFileType = sourcecode.swift; path = RoutersTests.swift; sourceTree = "<group>"; };
		CEF9B3EC26527ECB0051BE8F /* Info.plist */ = {isa = PBXFileReference; lastKnownFileType = text.plist.xml; path = Info.plist; sourceTree = "<group>"; };
		CEF9B3F126527ECB0051BE8F /* RoutersUITests.xctest */ = {isa = PBXFileReference; explicitFileType = wrapper.cfbundle; includeInIndex = 0; path = RoutersUITests.xctest; sourceTree = BUILT_PRODUCTS_DIR; };
		CEF9B3F526527ECB0051BE8F /* RoutersUITests.swift */ = {isa = PBXFileReference; lastKnownFileType = sourcecode.swift; path = RoutersUITests.swift; sourceTree = "<group>"; };
		CEF9B3F726527ECB0051BE8F /* Info.plist */ = {isa = PBXFileReference; lastKnownFileType = text.plist.xml; path = Info.plist; sourceTree = "<group>"; };
		CEF9B41326527F7D0051BE8F /* Coordinator.swift */ = {isa = PBXFileReference; lastKnownFileType = sourcecode.swift; path = Coordinator.swift; sourceTree = "<group>"; };
		CEF9B41826527FA90051BE8F /* FlowCoordinator.swift */ = {isa = PBXFileReference; lastKnownFileType = sourcecode.swift; path = FlowCoordinator.swift; sourceTree = "<group>"; };
		CEF9B41D2652806C0051BE8F /* AppFlowCoordinator.swift */ = {isa = PBXFileReference; lastKnownFileType = sourcecode.swift; path = AppFlowCoordinator.swift; sourceTree = "<group>"; };
		CEF9B43E265282820051BE8F /* Application.swift */ = {isa = PBXFileReference; lastKnownFileType = sourcecode.swift; path = Application.swift; sourceTree = "<group>"; };
		CEF9B443265282970051BE8F /* SceneEventObserver.swift */ = {isa = PBXFileReference; lastKnownFileType = sourcecode.swift; path = SceneEventObserver.swift; sourceTree = "<group>"; };
/* End PBXFileReference section */

/* Begin PBXFrameworksBuildPhase section */
		CEF9B3CD26527ECA0051BE8F /* Frameworks */ = {
			isa = PBXFrameworksBuildPhase;
			buildActionMask = 2147483647;
			files = (
			);
			runOnlyForDeploymentPostprocessing = 0;
		};
		CEF9B3E326527ECB0051BE8F /* Frameworks */ = {
			isa = PBXFrameworksBuildPhase;
			buildActionMask = 2147483647;
			files = (
			);
			runOnlyForDeploymentPostprocessing = 0;
		};
		CEF9B3EE26527ECB0051BE8F /* Frameworks */ = {
			isa = PBXFrameworksBuildPhase;
			buildActionMask = 2147483647;
			files = (
			);
			runOnlyForDeploymentPostprocessing = 0;
		};
/* End PBXFrameworksBuildPhase section */

/* Begin PBXGroup section */
		CE7D552A265404230062E054 /* Router */ = {
			isa = PBXGroup;
			children = (
				CE7D552B265404390062E054 /* Router.swift */,
			);
			path = Router;
			sourceTree = "<group>";
		};
		CEBF75B02653F8B7001ACF2F /* Protocols */ = {
			isa = PBXGroup;
			children = (
				CEF9B41326527F7D0051BE8F /* Coordinator.swift */,
				CEF9B41826527FA90051BE8F /* FlowCoordinator.swift */,
			);
			path = Protocols;
			sourceTree = "<group>";
		};
		CEBF75B92653F90E001ACF2F /* Onboarding */ = {
			isa = PBXGroup;
			children = (
				CEF9B3D726527ECA0051BE8F /* OnboardingViewController.swift */,
				CEBF75BA2653F91D001ACF2F /* OnboardingInteractor.swift */,
				CE7D55092653FA970062E054 /* OnboardingAssembler.swift */,
			);
			path = Onboarding;
			sourceTree = "<group>";
		};
		CEF9B3C726527ECA0051BE8F = {
			isa = PBXGroup;
			children = (
				CEF9B3D226527ECA0051BE8F /* Routers */,
				CEF9B3E926527ECB0051BE8F /* RoutersTests */,
				CEF9B3F426527ECB0051BE8F /* RoutersUITests */,
				CEF9B3D126527ECA0051BE8F /* Products */,
			);
			sourceTree = "<group>";
		};
		CEF9B3D126527ECA0051BE8F /* Products */ = {
			isa = PBXGroup;
			children = (
				CEF9B3D026527ECA0051BE8F /* Routers.app */,
				CEF9B3E626527ECB0051BE8F /* RoutersTests.xctest */,
				CEF9B3F126527ECB0051BE8F /* RoutersUITests.xctest */,
			);
			name = Products;
			sourceTree = "<group>";
		};
		CEF9B3D226527ECA0051BE8F /* Routers */ = {
			isa = PBXGroup;
			children = (
				CEF9B40726527F250051BE8F /* App */,
				CE7D552A265404230062E054 /* Router */,
				CEF9B40626527F1B0051BE8F /* Coordinators */,
				CEF9B40B26527F320051BE8F /* Views */,
				CEF9B40F26527F3F0051BE8F /* Resource */,
			);
			path = Routers;
			sourceTree = "<group>";
		};
		CEF9B3E926527ECB0051BE8F /* RoutersTests */ = {
			isa = PBXGroup;
			children = (
				CEF9B3EA26527ECB0051BE8F /* RoutersTests.swift */,
				CEF9B3EC26527ECB0051BE8F /* Info.plist */,
			);
			path = RoutersTests;
			sourceTree = "<group>";
		};
		CEF9B3F426527ECB0051BE8F /* RoutersUITests */ = {
			isa = PBXGroup;
			children = (
				CEF9B3F526527ECB0051BE8F /* RoutersUITests.swift */,
				CEF9B3F726527ECB0051BE8F /* Info.plist */,
			);
			path = RoutersUITests;
			sourceTree = "<group>";
		};
		CEF9B40626527F1B0051BE8F /* Coordinators */ = {
			isa = PBXGroup;
			children = (
				CEBF75B02653F8B7001ACF2F /* Protocols */,
				CEF9B41D2652806C0051BE8F /* AppFlowCoordinator.swift */,
				CEBF75B12653F8D6001ACF2F /* SignInFlowCoordinator.swift */,
			);
			path = Coordinators;
			sourceTree = "<group>";
		};
		CEF9B40726527F250051BE8F /* App */ = {
			isa = PBXGroup;
			children = (
				CEF9B3D326527ECA0051BE8F /* AppDelegate.swift */,
				CEF9B3D526527ECA0051BE8F /* SceneDelegate.swift */,
				CEF9B43E265282820051BE8F /* Application.swift */,
				CEF9B443265282970051BE8F /* SceneEventObserver.swift */,
			);
			path = App;
			sourceTree = "<group>";
		};
		CEF9B40B26527F320051BE8F /* Views */ = {
			isa = PBXGroup;
			children = (
				CEBF75B92653F90E001ACF2F /* Onboarding */,
			);
			path = Views;
			sourceTree = "<group>";
		};
		CEF9B40F26527F3F0051BE8F /* Resource */ = {
			isa = PBXGroup;
			children = (
				CEF9B3DC26527ECA0051BE8F /* Assets.xcassets */,
				CEF9B3DE26527ECA0051BE8F /* LaunchScreen.storyboard */,
				CEF9B3E126527ECA0051BE8F /* Info.plist */,
			);
			path = Resource;
			sourceTree = "<group>";
		};
/* End PBXGroup section */

/* Begin PBXNativeTarget section */
		CEF9B3CF26527ECA0051BE8F /* Routers */ = {
			isa = PBXNativeTarget;
			buildConfigurationList = CEF9B3FA26527ECB0051BE8F /* Build configuration list for PBXNativeTarget "Routers" */;
			buildPhases = (
				CEF9B3CC26527ECA0051BE8F /* Sources */,
				CEF9B3CD26527ECA0051BE8F /* Frameworks */,
				CEF9B3CE26527ECA0051BE8F /* Resources */,
			);
			buildRules = (
			);
			dependencies = (
			);
			name = Routers;
			productName = Routers;
			productReference = CEF9B3D026527ECA0051BE8F /* Routers.app */;
			productType = "com.apple.product-type.application";
		};
		CEF9B3E526527ECB0051BE8F /* RoutersTests */ = {
			isa = PBXNativeTarget;
			buildConfigurationList = CEF9B3FD26527ECB0051BE8F /* Build configuration list for PBXNativeTarget "RoutersTests" */;
			buildPhases = (
				CEF9B3E226527ECB0051BE8F /* Sources */,
				CEF9B3E326527ECB0051BE8F /* Frameworks */,
				CEF9B3E426527ECB0051BE8F /* Resources */,
			);
			buildRules = (
			);
			dependencies = (
				CEF9B3E826527ECB0051BE8F /* PBXTargetDependency */,
			);
			name = RoutersTests;
			productName = RoutersTests;
			productReference = CEF9B3E626527ECB0051BE8F /* RoutersTests.xctest */;
			productType = "com.apple.product-type.bundle.unit-test";
		};
		CEF9B3F026527ECB0051BE8F /* RoutersUITests */ = {
			isa = PBXNativeTarget;
			buildConfigurationList = CEF9B40026527ECB0051BE8F /* Build configuration list for PBXNativeTarget "RoutersUITests" */;
			buildPhases = (
				CEF9B3ED26527ECB0051BE8F /* Sources */,
				CEF9B3EE26527ECB0051BE8F /* Frameworks */,
				CEF9B3EF26527ECB0051BE8F /* Resources */,
			);
			buildRules = (
			);
			dependencies = (
				CEF9B3F326527ECB0051BE8F /* PBXTargetDependency */,
			);
			name = RoutersUITests;
			productName = RoutersUITests;
			productReference = CEF9B3F126527ECB0051BE8F /* RoutersUITests.xctest */;
			productType = "com.apple.product-type.bundle.ui-testing";
		};
/* End PBXNativeTarget section */

/* Begin PBXProject section */
		CEF9B3C826527ECA0051BE8F /* Project object */ = {
			isa = PBXProject;
			attributes = {
				LastSwiftUpdateCheck = 1240;
				LastUpgradeCheck = 1240;
				TargetAttributes = {
					CEF9B3CF26527ECA0051BE8F = {
						CreatedOnToolsVersion = 12.4;
					};
					CEF9B3E526527ECB0051BE8F = {
						CreatedOnToolsVersion = 12.4;
						TestTargetID = CEF9B3CF26527ECA0051BE8F;
					};
					CEF9B3F026527ECB0051BE8F = {
						CreatedOnToolsVersion = 12.4;
						TestTargetID = CEF9B3CF26527ECA0051BE8F;
					};
				};
			};
			buildConfigurationList = CEF9B3CB26527ECA0051BE8F /* Build configuration list for PBXProject "Routers" */;
			compatibilityVersion = "Xcode 9.3";
			developmentRegion = en;
			hasScannedForEncodings = 0;
			knownRegions = (
				en,
				Base,
			);
			mainGroup = CEF9B3C726527ECA0051BE8F;
			productRefGroup = CEF9B3D126527ECA0051BE8F /* Products */;
			projectDirPath = "";
			projectRoot = "";
			targets = (
				CEF9B3CF26527ECA0051BE8F /* Routers */,
				CEF9B3E526527ECB0051BE8F /* RoutersTests */,
				CEF9B3F026527ECB0051BE8F /* RoutersUITests */,
			);
		};
/* End PBXProject section */

/* Begin PBXResourcesBuildPhase section */
		CEF9B3CE26527ECA0051BE8F /* Resources */ = {
			isa = PBXResourcesBuildPhase;
			buildActionMask = 2147483647;
			files = (
				CEF9B451265285770051BE8F /* Assets.xcassets in Resources */,
				CEF9B452265285770051BE8F /* LaunchScreen.storyboard in Resources */,
			);
			runOnlyForDeploymentPostprocessing = 0;
		};
		CEF9B3E426527ECB0051BE8F /* Resources */ = {
			isa = PBXResourcesBuildPhase;
			buildActionMask = 2147483647;
			files = (
			);
			runOnlyForDeploymentPostprocessing = 0;
		};
		CEF9B3EF26527ECB0051BE8F /* Resources */ = {
			isa = PBXResourcesBuildPhase;
			buildActionMask = 2147483647;
			files = (
			);
			runOnlyForDeploymentPostprocessing = 0;
		};
/* End PBXResourcesBuildPhase section */

/* Begin PBXSourcesBuildPhase section */
		CEF9B3CC26527ECA0051BE8F /* Sources */ = {
			isa = PBXSourcesBuildPhase;
			buildActionMask = 2147483647;
			files = (
				CEF9B41E2652806C0051BE8F /* AppFlowCoordinator.swift in Sources */,
				CEF9B43F265282820051BE8F /* Application.swift in Sources */,
				CEF9B41426527F7D0051BE8F /* Coordinator.swift in Sources */,
				CEF9B3D826527ECA0051BE8F /* OnboardingViewController.swift in Sources */,
				CE7D552C265404390062E054 /* Router.swift in Sources */,
				CEF9B444265282970051BE8F /* SceneEventObserver.swift in Sources */,
				CEBF75B22653F8D6001ACF2F /* SignInFlowCoordinator.swift in Sources */,
				CEF9B41926527FA90051BE8F /* FlowCoordinator.swift in Sources */,
				CE7D550A2653FA970062E054 /* OnboardingAssembler.swift in Sources */,
				CEF9B3D426527ECA0051BE8F /* AppDelegate.swift in Sources */,
				CEF9B3D626527ECA0051BE8F /* SceneDelegate.swift in Sources */,
				CEBF75BB2653F91D001ACF2F /* OnboardingInteractor.swift in Sources */,
			);
			runOnlyForDeploymentPostprocessing = 0;
		};
		CEF9B3E226527ECB0051BE8F /* Sources */ = {
			isa = PBXSourcesBuildPhase;
			buildActionMask = 2147483647;
			files = (
				CEF9B3EB26527ECB0051BE8F /* RoutersTests.swift in Sources */,
			);
			runOnlyForDeploymentPostprocessing = 0;
		};
		CEF9B3ED26527ECB0051BE8F /* Sources */ = {
			isa = PBXSourcesBuildPhase;
			buildActionMask = 2147483647;
			files = (
				CEF9B3F626527ECB0051BE8F /* RoutersUITests.swift in Sources */,
			);
			runOnlyForDeploymentPostprocessing = 0;
		};
/* End PBXSourcesBuildPhase section */

/* Begin PBXTargetDependency section */
		CEF9B3E826527ECB0051BE8F /* PBXTargetDependency */ = {
			isa = PBXTargetDependency;
			target = CEF9B3CF26527ECA0051BE8F /* Routers */;
			targetProxy = CEF9B3E726527ECB0051BE8F /* PBXContainerItemProxy */;
		};
		CEF9B3F326527ECB0051BE8F /* PBXTargetDependency */ = {
			isa = PBXTargetDependency;
			target = CEF9B3CF26527ECA0051BE8F /* Routers */;
			targetProxy = CEF9B3F226527ECB0051BE8F /* PBXContainerItemProxy */;
		};
/* End PBXTargetDependency section */

/* Begin PBXVariantGroup section */
		CEF9B3DE26527ECA0051BE8F /* LaunchScreen.storyboard */ = {
			isa = PBXVariantGroup;
			children = (
				CEF9B3DF26527ECA0051BE8F /* Base */,
			);
			name = LaunchScreen.storyboard;
			sourceTree = "<group>";
		};
/* End PBXVariantGroup section */

/* Begin XCBuildConfiguration section */
		CEF9B3F826527ECB0051BE8F /* Debug */ = {
			isa = XCBuildConfiguration;
			buildSettings = {
				ALWAYS_SEARCH_USER_PATHS = NO;
				CLANG_ANALYZER_NONNULL = YES;
				CLANG_ANALYZER_NUMBER_OBJECT_CONVERSION = YES_AGGRESSIVE;
				CLANG_CXX_LANGUAGE_STANDARD = "gnu++14";
				CLANG_CXX_LIBRARY = "libc++";
				CLANG_ENABLE_MODULES = YES;
				CLANG_ENABLE_OBJC_ARC = YES;
				CLANG_ENABLE_OBJC_WEAK = YES;
				CLANG_WARN_BLOCK_CAPTURE_AUTORELEASING = YES;
				CLANG_WARN_BOOL_CONVERSION = YES;
				CLANG_WARN_COMMA = YES;
				CLANG_WARN_CONSTANT_CONVERSION = YES;
				CLANG_WARN_DEPRECATED_OBJC_IMPLEMENTATIONS = YES;
				CLANG_WARN_DIRECT_OBJC_ISA_USAGE = YES_ERROR;
				CLANG_WARN_DOCUMENTATION_COMMENTS = YES;
				CLANG_WARN_EMPTY_BODY = YES;
				CLANG_WARN_ENUM_CONVERSION = YES;
				CLANG_WARN_INFINITE_RECURSION = YES;
				CLANG_WARN_INT_CONVERSION = YES;
				CLANG_WARN_NON_LITERAL_NULL_CONVERSION = YES;
				CLANG_WARN_OBJC_IMPLICIT_RETAIN_SELF = YES;
				CLANG_WARN_OBJC_LITERAL_CONVERSION = YES;
				CLANG_WARN_OBJC_ROOT_CLASS = YES_ERROR;
				CLANG_WARN_QUOTED_INCLUDE_IN_FRAMEWORK_HEADER = YES;
				CLANG_WARN_RANGE_LOOP_ANALYSIS = YES;
				CLANG_WARN_STRICT_PROTOTYPES = YES;
				CLANG_WARN_SUSPICIOUS_MOVE = YES;
				CLANG_WARN_UNGUARDED_AVAILABILITY = YES_AGGRESSIVE;
				CLANG_WARN_UNREACHABLE_CODE = YES;
				CLANG_WARN__DUPLICATE_METHOD_MATCH = YES;
				COPY_PHASE_STRIP = NO;
				DEBUG_INFORMATION_FORMAT = dwarf;
				ENABLE_STRICT_OBJC_MSGSEND = YES;
				ENABLE_TESTABILITY = YES;
				GCC_C_LANGUAGE_STANDARD = gnu11;
				GCC_DYNAMIC_NO_PIC = NO;
				GCC_NO_COMMON_BLOCKS = YES;
				GCC_OPTIMIZATION_LEVEL = 0;
				GCC_PREPROCESSOR_DEFINITIONS = (
					"DEBUG=1",
					"$(inherited)",
				);
				GCC_WARN_64_TO_32_BIT_CONVERSION = YES;
				GCC_WARN_ABOUT_RETURN_TYPE = YES_ERROR;
				GCC_WARN_UNDECLARED_SELECTOR = YES;
				GCC_WARN_UNINITIALIZED_AUTOS = YES_AGGRESSIVE;
				GCC_WARN_UNUSED_FUNCTION = YES;
				GCC_WARN_UNUSED_VARIABLE = YES;
				IPHONEOS_DEPLOYMENT_TARGET = 14.4;
				MTL_ENABLE_DEBUG_INFO = INCLUDE_SOURCE;
				MTL_FAST_MATH = YES;
				ONLY_ACTIVE_ARCH = YES;
				SDKROOT = iphoneos;
				SWIFT_ACTIVE_COMPILATION_CONDITIONS = DEBUG;
				SWIFT_OPTIMIZATION_LEVEL = "-Onone";
			};
			name = Debug;
		};
		CEF9B3F926527ECB0051BE8F /* Release */ = {
			isa = XCBuildConfiguration;
			buildSettings = {
				ALWAYS_SEARCH_USER_PATHS = NO;
				CLANG_ANALYZER_NONNULL = YES;
				CLANG_ANALYZER_NUMBER_OBJECT_CONVERSION = YES_AGGRESSIVE;
				CLANG_CXX_LANGUAGE_STANDARD = "gnu++14";
				CLANG_CXX_LIBRARY = "libc++";
				CLANG_ENABLE_MODULES = YES;
				CLANG_ENABLE_OBJC_ARC = YES;
				CLANG_ENABLE_OBJC_WEAK = YES;
				CLANG_WARN_BLOCK_CAPTURE_AUTORELEASING = YES;
				CLANG_WARN_BOOL_CONVERSION = YES;
				CLANG_WARN_COMMA = YES;
				CLANG_WARN_CONSTANT_CONVERSION = YES;
				CLANG_WARN_DEPRECATED_OBJC_IMPLEMENTATIONS = YES;
				CLANG_WARN_DIRECT_OBJC_ISA_USAGE = YES_ERROR;
				CLANG_WARN_DOCUMENTATION_COMMENTS = YES;
				CLANG_WARN_EMPTY_BODY = YES;
				CLANG_WARN_ENUM_CONVERSION = YES;
				CLANG_WARN_INFINITE_RECURSION = YES;
				CLANG_WARN_INT_CONVERSION = YES;
				CLANG_WARN_NON_LITERAL_NULL_CONVERSION = YES;
				CLANG_WARN_OBJC_IMPLICIT_RETAIN_SELF = YES;
				CLANG_WARN_OBJC_LITERAL_CONVERSION = YES;
				CLANG_WARN_OBJC_ROOT_CLASS = YES_ERROR;
				CLANG_WARN_QUOTED_INCLUDE_IN_FRAMEWORK_HEADER = YES;
				CLANG_WARN_RANGE_LOOP_ANALYSIS = YES;
				CLANG_WARN_STRICT_PROTOTYPES = YES;
				CLANG_WARN_SUSPICIOUS_MOVE = YES;
				CLANG_WARN_UNGUARDED_AVAILABILITY = YES_AGGRESSIVE;
				CLANG_WARN_UNREACHABLE_CODE = YES;
				CLANG_WARN__DUPLICATE_METHOD_MATCH = YES;
				COPY_PHASE_STRIP = NO;
				DEBUG_INFORMATION_FORMAT = "dwarf-with-dsym";
				ENABLE_NS_ASSERTIONS = NO;
				ENABLE_STRICT_OBJC_MSGSEND = YES;
				GCC_C_LANGUAGE_STANDARD = gnu11;
				GCC_NO_COMMON_BLOCKS = YES;
				GCC_WARN_64_TO_32_BIT_CONVERSION = YES;
				GCC_WARN_ABOUT_RETURN_TYPE = YES_ERROR;
				GCC_WARN_UNDECLARED_SELECTOR = YES;
				GCC_WARN_UNINITIALIZED_AUTOS = YES_AGGRESSIVE;
				GCC_WARN_UNUSED_FUNCTION = YES;
				GCC_WARN_UNUSED_VARIABLE = YES;
				IPHONEOS_DEPLOYMENT_TARGET = 14.4;
				MTL_ENABLE_DEBUG_INFO = NO;
				MTL_FAST_MATH = YES;
				SDKROOT = iphoneos;
				SWIFT_COMPILATION_MODE = wholemodule;
				SWIFT_OPTIMIZATION_LEVEL = "-O";
				VALIDATE_PRODUCT = YES;
			};
			name = Release;
		};
		CEF9B3FB26527ECB0051BE8F /* Debug */ = {
			isa = XCBuildConfiguration;
			buildSettings = {
				ASSETCATALOG_COMPILER_APPICON_NAME = AppIcon;
				ASSETCATALOG_COMPILER_GLOBAL_ACCENT_COLOR_NAME = AccentColor;
				CODE_SIGN_STYLE = Automatic;
				INFOPLIST_FILE = Routers/Resource/Info.plist;
				LD_RUNPATH_SEARCH_PATHS = (
					"$(inherited)",
					"@executable_path/Frameworks",
				);
				PRODUCT_BUNDLE_IDENTIFIER = com.mfd.Routers;
				PRODUCT_NAME = "$(TARGET_NAME)";
				SWIFT_VERSION = 5.0;
				TARGETED_DEVICE_FAMILY = "1,2";
			};
			name = Debug;
		};
		CEF9B3FC26527ECB0051BE8F /* Release */ = {
			isa = XCBuildConfiguration;
			buildSettings = {
				ASSETCATALOG_COMPILER_APPICON_NAME = AppIcon;
				ASSETCATALOG_COMPILER_GLOBAL_ACCENT_COLOR_NAME = AccentColor;
				CODE_SIGN_STYLE = Automatic;
				INFOPLIST_FILE = Routers/Resource/Info.plist;
				LD_RUNPATH_SEARCH_PATHS = (
					"$(inherited)",
					"@executable_path/Frameworks",
				);
				PRODUCT_BUNDLE_IDENTIFIER = com.mfd.Routers;
				PRODUCT_NAME = "$(TARGET_NAME)";
				SWIFT_VERSION = 5.0;
				TARGETED_DEVICE_FAMILY = "1,2";
			};
			name = Release;
		};
		CEF9B3FE26527ECB0051BE8F /* Debug */ = {
			isa = XCBuildConfiguration;
			buildSettings = {
				ALWAYS_EMBED_SWIFT_STANDARD_LIBRARIES = YES;
				BUNDLE_LOADER = "$(TEST_HOST)";
				CODE_SIGN_STYLE = Automatic;
				INFOPLIST_FILE = RoutersTests/Info.plist;
				IPHONEOS_DEPLOYMENT_TARGET = 14.4;
				LD_RUNPATH_SEARCH_PATHS = (
					"$(inherited)",
					"@executable_path/Frameworks",
					"@loader_path/Frameworks",
				);
				PRODUCT_BUNDLE_IDENTIFIER = com.mfd.RoutersTests;
				PRODUCT_NAME = "$(TARGET_NAME)";
				SWIFT_VERSION = 5.0;
				TARGETED_DEVICE_FAMILY = "1,2";
				TEST_HOST = "$(BUILT_PRODUCTS_DIR)/Routers.app/Routers";
			};
			name = Debug;
		};
		CEF9B3FF26527ECB0051BE8F /* Release */ = {
			isa = XCBuildConfiguration;
			buildSettings = {
				ALWAYS_EMBED_SWIFT_STANDARD_LIBRARIES = YES;
				BUNDLE_LOADER = "$(TEST_HOST)";
				CODE_SIGN_STYLE = Automatic;
				INFOPLIST_FILE = RoutersTests/Info.plist;
				IPHONEOS_DEPLOYMENT_TARGET = 14.4;
				LD_RUNPATH_SEARCH_PATHS = (
					"$(inherited)",
					"@executable_path/Frameworks",
					"@loader_path/Frameworks",
				);
				PRODUCT_BUNDLE_IDENTIFIER = com.mfd.RoutersTests;
				PRODUCT_NAME = "$(TARGET_NAME)";
				SWIFT_VERSION = 5.0;
				TARGETED_DEVICE_FAMILY = "1,2";
				TEST_HOST = "$(BUILT_PRODUCTS_DIR)/Routers.app/Routers";
			};
			name = Release;
		};
		CEF9B40126527ECB0051BE8F /* Debug */ = {
			isa = XCBuildConfiguration;
			buildSettings = {
				ALWAYS_EMBED_SWIFT_STANDARD_LIBRARIES = YES;
				CODE_SIGN_STYLE = Automatic;
				INFOPLIST_FILE = RoutersUITests/Info.plist;
				LD_RUNPATH_SEARCH_PATHS = (
					"$(inherited)",
					"@executable_path/Frameworks",
					"@loader_path/Frameworks",
				);
				PRODUCT_BUNDLE_IDENTIFIER = com.mfd.RoutersUITests;
				PRODUCT_NAME = "$(TARGET_NAME)";
				SWIFT_VERSION = 5.0;
				TARGETED_DEVICE_FAMILY = "1,2";
				TEST_TARGET_NAME = Routers;
			};
			name = Debug;
		};
		CEF9B40226527ECB0051BE8F /* Release */ = {
			isa = XCBuildConfiguration;
			buildSettings = {
				ALWAYS_EMBED_SWIFT_STANDARD_LIBRARIES = YES;
				CODE_SIGN_STYLE = Automatic;
				INFOPLIST_FILE = RoutersUITests/Info.plist;
				LD_RUNPATH_SEARCH_PATHS = (
					"$(inherited)",
					"@executable_path/Frameworks",
					"@loader_path/Frameworks",
				);
				PRODUCT_BUNDLE_IDENTIFIER = com.mfd.RoutersUITests;
				PRODUCT_NAME = "$(TARGET_NAME)";
				SWIFT_VERSION = 5.0;
				TARGETED_DEVICE_FAMILY = "1,2";
				TEST_TARGET_NAME = Routers;
			};
			name = Release;
		};
/* End XCBuildConfiguration section */

/* Begin XCConfigurationList section */
		CEF9B3CB26527ECA0051BE8F /* Build configuration list for PBXProject "Routers" */ = {
			isa = XCConfigurationList;
			buildConfigurations = (
				CEF9B3F826527ECB0051BE8F /* Debug */,
				CEF9B3F926527ECB0051BE8F /* Release */,
			);
			defaultConfigurationIsVisible = 0;
			defaultConfigurationName = Release;
		};
		CEF9B3FA26527ECB0051BE8F /* Build configuration list for PBXNativeTarget "Routers" */ = {
			isa = XCConfigurationList;
			buildConfigurations = (
				CEF9B3FB26527ECB0051BE8F /* Debug */,
				CEF9B3FC26527ECB0051BE8F /* Release */,
			);
			defaultConfigurationIsVisible = 0;
			defaultConfigurationName = Release;
		};
		CEF9B3FD26527ECB0051BE8F /* Build configuration list for PBXNativeTarget "RoutersTests" */ = {
			isa = XCConfigurationList;
			buildConfigurations = (
				CEF9B3FE26527ECB0051BE8F /* Debug */,
				CEF9B3FF26527ECB0051BE8F /* Release */,
			);
			defaultConfigurationIsVisible = 0;
			defaultConfigurationName = Release;
		};
		CEF9B40026527ECB0051BE8F /* Build configuration list for PBXNativeTarget "RoutersUITests" */ = {
			isa = XCConfigurationList;
			buildConfigurations = (
				CEF9B40126527ECB0051BE8F /* Debug */,
				CEF9B40226527ECB0051BE8F /* Release */,
			);
			defaultConfigurationIsVisible = 0;
			defaultConfigurationName = Release;
		};
/* End XCConfigurationList section */
	};
	rootObject = CEF9B3C826527ECA0051BE8F /* Project object */;
}
